
Microsoft Visual Studio Solution File, Format Version 12.00
# Visual Studio Version 17
VisualStudioVersion = 17.4.33122.133
MinimumVisualStudioVersion = 10.0.40219.1
Project("{FAE04EC0-301F-11D3-BF4B-00C04F79EFBC}") = "PegSolitiare", "PegSolitiare.csproj", "{EC578075-3144-4F56-BA05-17D48ADE2EEC}"
EndProject
Global
	GlobalSection(SolutionConfigurationPlatforms) = preSolution
		Debug|Any CPU = Debug|Any CPU
		Release|Any CPU = Release|Any CPU
	EndGlobalSection
	GlobalSection(ProjectConfigurationPlatforms) = postSolution
		{EC578075-3144-4F56-BA05-17D48ADE2EEC}.Debug|Any CPU.ActiveCfg = Debug|Any CPU
		{EC578075-3144-4F56-BA05-17D48ADE2EEC}.Debug|Any CPU.Build.0 = Debug|Any CPU
		{EC578075-3144-4F56-BA05-17D48ADE2EEC}.Release|Any CPU.ActiveCfg = Release|Any CPU
		{EC578075-3144-4F56-BA05-17D48ADE2EEC}.Release|Any CPU.Build.0 = Release|Any CPU
	EndGlobalSection
	GlobalSection(SolutionProperties) = preSolution
		HideSolutionNode = FALSE
	EndGlobalSection
	GlobalSection(ExtensibilityGlobals) = postSolution
		SolutionGuid = {87C6E383-45C4-4216-9A2E-45CC50486DF3}
	EndGlobalSection
EndGlobal
